
Microsoft Visual Studio Solution File, Format Version 12.00
# Visual Studio Version 16
VisualStudioVersion = 16.0.29409.12
MinimumVisualStudioVersion = 10.0.40219.1
Project("{FAE04EC0-301F-11D3-BF4B-00C04F79EFBC}") = "PokedexCore", "PokedexCore\PokedexCore.csproj", "{9C8BB75B-F610-41EC-8539-EDAB2405F39F}"
EndProject
Global
	GlobalSection(SolutionConfigurationPlatforms) = preSolution
		Debug|Any CPU = Debug|Any CPU
		Release|Any CPU = Release|Any CPU
	EndGlobalSection
	GlobalSection(ProjectConfigurationPlatforms) = postSolution
		{9C8BB75B-F610-41EC-8539-EDAB2405F39F}.Debug|Any CPU.ActiveCfg = Debug|Any CPU
		{9C8BB75B-F610-41EC-8539-EDAB2405F39F}.Debug|Any CPU.Build.0 = Debug|Any CPU
		{9C8BB75B-F610-41EC-8539-EDAB2405F39F}.Release|Any CPU.ActiveCfg = Release|Any CPU
		{9C8BB75B-F610-41EC-8539-EDAB2405F39F}.Release|Any CPU.Build.0 = Release|Any CPU
	EndGlobalSection
	GlobalSection(SolutionProperties) = preSolution
		HideSolutionNode = FALSE
	EndGlobalSection
	GlobalSection(ExtensibilityGlobals) = postSolution
		SolutionGuid = {F31C66BC-1CA6-43C4-A739-9370B42CC03B}
	EndGlobalSection
EndGlobal
